
Microsoft Visual Studio Solution File, Format Version 12.00
# Visual Studio Version 17
VisualStudioVersion = 17.7.34202.233
MinimumVisualStudioVersion = 10.0.40219.1
Project("{FAE04EC0-301F-11D3-BF4B-00C04F79EFBC}") = "HomeWork_07", "HomeWork_07\HomeWork_07.csproj", "{0393201A-E629-4EF1-91AF-D47816D7C4B1}"
EndProject
Global
	GlobalSection(SolutionConfigurationPlatforms) = preSolution
		Debug|Any CPU = Debug|Any CPU
		Release|Any CPU = Release|Any CPU
	EndGlobalSection
	GlobalSection(ProjectConfigurationPlatforms) = postSolution
		{0393201A-E629-4EF1-91AF-D47816D7C4B1}.Debug|Any CPU.ActiveCfg = Debug|Any CPU
		{0393201A-E629-4EF1-91AF-D47816D7C4B1}.Debug|Any CPU.Build.0 = Debug|Any CPU
		{0393201A-E629-4EF1-91AF-D47816D7C4B1}.Release|Any CPU.ActiveCfg = Release|Any CPU
		{0393201A-E629-4EF1-91AF-D47816D7C4B1}.Release|Any CPU.Build.0 = Release|Any CPU
	EndGlobalSection
	GlobalSection(SolutionProperties) = preSolution
		HideSolutionNode = FALSE
	EndGlobalSection
	GlobalSection(ExtensibilityGlobals) = postSolution
		SolutionGuid = {50D4E725-07FB-42F7-9028-C5D582476641}
	EndGlobalSection
EndGlobal
