
Microsoft Visual Studio Solution File, Format Version 12.00
# Visual Studio Version 17
VisualStudioVersion = 17.8.34330.188
MinimumVisualStudioVersion = 10.0.40219.1
Project("{FAE04EC0-301F-11D3-BF4B-00C04F79EFBC}") = "Home_Work_Asp_Net", "Home_Work_Asp_Net\Home_Work_Asp_Net.csproj", "{79184181-A9CA-47B8-A98F-9A0E6A3A025D}"
EndProject
Global
	GlobalSection(SolutionConfigurationPlatforms) = preSolution
		Debug|Any CPU = Debug|Any CPU
		Release|Any CPU = Release|Any CPU
	EndGlobalSection
	GlobalSection(ProjectConfigurationPlatforms) = postSolution
		{79184181-A9CA-47B8-A98F-9A0E6A3A025D}.Debug|Any CPU.ActiveCfg = Debug|Any CPU
		{79184181-A9CA-47B8-A98F-9A0E6A3A025D}.Debug|Any CPU.Build.0 = Debug|Any CPU
		{79184181-A9CA-47B8-A98F-9A0E6A3A025D}.Release|Any CPU.ActiveCfg = Release|Any CPU
		{79184181-A9CA-47B8-A98F-9A0E6A3A025D}.Release|Any CPU.Build.0 = Release|Any CPU
	EndGlobalSection
	GlobalSection(SolutionProperties) = preSolution
		HideSolutionNode = FALSE
	EndGlobalSection
	GlobalSection(ExtensibilityGlobals) = postSolution
		SolutionGuid = {45A12FB9-D087-4D46-BA33-20F27E6800D9}
	EndGlobalSection
EndGlobal
